{
  "name": "nvim",
  "lockfileVersion": 2,
  "requires": true,
  "packages": {
    "": {
      "dependencies": {
        "tree-sitter-cli": "^0.20.4"
      }
    },
    "node_modules/tree-sitter-cli": {
      "version": "0.20.4",
      "resolved": "https://registry.npmjs.org/tree-sitter-cli/-/tree-sitter-cli-0.20.4.tgz",
      "integrity": "sha512-G42x0Ev7mxA8WLUfZY+two5LIhPf6R/m7qDZtKxOzE77zXi6didNI/vf17kHaKaRXJrWnyCxHFaVQFO2LL81yg==",
      "hasInstallScript": true,
      "bin": {
        "tree-sitter": "cli.js"
      }
    }
  },
  "dependencies": {
    "tree-sitter-cli": {
      "version": "0.20.4",
      "resolved": "https://registry.npmjs.org/tree-sitter-cli/-/tree-sitter-cli-0.20.4.tgz",
      "integrity": "sha512-G42x0Ev7mxA8WLUfZY+two5LIhPf6R/m7qDZtKxOzE77zXi6didNI/vf17kHaKaRXJrWnyCxHFaVQFO2LL81yg=="
    }
  }
}
